// !$*UTF8*$!
{
	archiveVersion = 1;
	classes = {
	};
	objectVersion = 56;
	objects = {

/* Begin PBXBuildFile section */
		5D7E73B036D5148BE4F3384A /* Pods_WeatherAppTests.framework in Frameworks */ = {isa = PBXBuildFile; fileRef = 8F704E879C7C131F55A73687 /* Pods_WeatherAppTests.framework */; };
		C4D481D12A23B14B00C4029D /* AppDelegate.swift in Sources */ = {isa = PBXBuildFile; fileRef = C4D481D02A23B14B00C4029D /* AppDelegate.swift */; };
		C4D481D82A23B14B00C4029D /* Main.storyboard in Resources */ = {isa = PBXBuildFile; fileRef = C4D481D62A23B14B00C4029D /* Main.storyboard */; };
		C4D481DA2A23B14C00C4029D /* Assets.xcassets in Resources */ = {isa = PBXBuildFile; fileRef = C4D481D92A23B14C00C4029D /* Assets.xcassets */; };
		C4D481DD2A23B14C00C4029D /* LaunchScreen.storyboard in Resources */ = {isa = PBXBuildFile; fileRef = C4D481DB2A23B14C00C4029D /* LaunchScreen.storyboard */; };
		C4D481E82A23B14D00C4029D /* WeatherAppTests.swift in Sources */ = {isa = PBXBuildFile; fileRef = C4D481E72A23B14D00C4029D /* WeatherAppTests.swift */; };
		C4D481F22A23B14D00C4029D /* WeatherAppUITests.swift in Sources */ = {isa = PBXBuildFile; fileRef = C4D481F12A23B14D00C4029D /* WeatherAppUITests.swift */; };
		C4D481F42A23B14D00C4029D /* WeatherAppUITestsLaunchTests.swift in Sources */ = {isa = PBXBuildFile; fileRef = C4D481F32A23B14D00C4029D /* WeatherAppUITestsLaunchTests.swift */; };
		C4D482012A23B81800C4029D /* AppCoordinator.swift in Sources */ = {isa = PBXBuildFile; fileRef = C4D482002A23B81800C4029D /* AppCoordinator.swift */; };
		C4D482022A23B81800C4029D /* AppCoordinator.swift in Sources */ = {isa = PBXBuildFile; fileRef = C4D482002A23B81800C4029D /* AppCoordinator.swift */; };
		C4D482042A23B84C00C4029D /* LocationCoordinator.swift in Sources */ = {isa = PBXBuildFile; fileRef = C4D482032A23B84C00C4029D /* LocationCoordinator.swift */; };
		C4D482052A23B84C00C4029D /* LocationCoordinator.swift in Sources */ = {isa = PBXBuildFile; fileRef = C4D482032A23B84C00C4029D /* LocationCoordinator.swift */; };
		C4D482072A23B8D600C4029D /* Coordinator.swift in Sources */ = {isa = PBXBuildFile; fileRef = C4D482062A23B8D600C4029D /* Coordinator.swift */; };
		C4D482082A23B8D600C4029D /* Coordinator.swift in Sources */ = {isa = PBXBuildFile; fileRef = C4D482062A23B8D600C4029D /* Coordinator.swift */; };
		C4D482162A23BCA600C4029D /* LocationViewController.swift in Sources */ = {isa = PBXBuildFile; fileRef = C4D482142A23BCA600C4029D /* LocationViewController.swift */; };
		C4D482172A23BCA600C4029D /* LocationViewController.swift in Sources */ = {isa = PBXBuildFile; fileRef = C4D482142A23BCA600C4029D /* LocationViewController.swift */; };
		C4D482182A23BCA600C4029D /* LocationViewController.xib in Resources */ = {isa = PBXBuildFile; fileRef = C4D482152A23BCA600C4029D /* LocationViewController.xib */; };
		C4D482192A23BCA600C4029D /* LocationViewController.xib in Resources */ = {isa = PBXBuildFile; fileRef = C4D482152A23BCA600C4029D /* LocationViewController.xib */; };
		C4D4821F2A23BEC500C4029D /* AppCoordinatorTests.swift in Sources */ = {isa = PBXBuildFile; fileRef = C4D4821E2A23BEC500C4029D /* AppCoordinatorTests.swift */; };
		C4D482212A23BF2300C4029D /* SearchCoordinatorTests.swift in Sources */ = {isa = PBXBuildFile; fileRef = C4D482202A23BF2300C4029D /* SearchCoordinatorTests.swift */; };
		C4D482252A23C2C600C4029D /* LocationViewModel.swift in Sources */ = {isa = PBXBuildFile; fileRef = C4D482242A23C2C600C4029D /* LocationViewModel.swift */; };
		C4D482262A23C2C600C4029D /* LocationViewModel.swift in Sources */ = {isa = PBXBuildFile; fileRef = C4D482242A23C2C600C4029D /* LocationViewModel.swift */; };
		C4D4822A2A24E07100C4029D /* ViewController.swift in Sources */ = {isa = PBXBuildFile; fileRef = C4D482292A24E07100C4029D /* ViewController.swift */; };
		C4D4822B2A24E07100C4029D /* ViewController.swift in Sources */ = {isa = PBXBuildFile; fileRef = C4D482292A24E07100C4029D /* ViewController.swift */; };
		C4D4822E2A24E37300C4029D /* NetworkService.swift in Sources */ = {isa = PBXBuildFile; fileRef = C4D4822D2A24E37300C4029D /* NetworkService.swift */; };
		C4D4822F2A24E37300C4029D /* NetworkService.swift in Sources */ = {isa = PBXBuildFile; fileRef = C4D4822D2A24E37300C4029D /* NetworkService.swift */; };
		C4D482312A24E39700C4029D /* APIWeather.swift in Sources */ = {isa = PBXBuildFile; fileRef = C4D482302A24E39700C4029D /* APIWeather.swift */; };
		C4D482322A24E39700C4029D /* APIWeather.swift in Sources */ = {isa = PBXBuildFile; fileRef = C4D482302A24E39700C4029D /* APIWeather.swift */; };
		C4D482342A24E58200C4029D /* Secrets.plist in Resources */ = {isa = PBXBuildFile; fileRef = C4D482332A24E58200C4029D /* Secrets.plist */; };
		C4D482352A24E58200C4029D /* Secrets.plist in Resources */ = {isa = PBXBuildFile; fileRef = C4D482332A24E58200C4029D /* Secrets.plist */; };
		C4D482372A24E87500C4029D /* Location.swift in Sources */ = {isa = PBXBuildFile; fileRef = C4D482362A24E87500C4029D /* Location.swift */; };
		C4D482392A24E88600C4029D /* Forecast.swift in Sources */ = {isa = PBXBuildFile; fileRef = C4D482382A24E88600C4029D /* Forecast.swift */; };
		C4D4823C2A24F17B00C4029D /* APIWeatherTests.swift in Sources */ = {isa = PBXBuildFile; fileRef = C4D4823B2A24F17B00C4029D /* APIWeatherTests.swift */; };
		C4D4823E2A24F19000C4029D /* NetworkServiceTests.swift in Sources */ = {isa = PBXBuildFile; fileRef = C4D4823D2A24F19000C4029D /* NetworkServiceTests.swift */; };
		C4D4823F2A24F21700C4029D /* Location.swift in Sources */ = {isa = PBXBuildFile; fileRef = C4D482362A24E87500C4029D /* Location.swift */; };
		C4D482402A24F21900C4029D /* Forecast.swift in Sources */ = {isa = PBXBuildFile; fileRef = C4D482382A24E88600C4029D /* Forecast.swift */; };
		C4D482432A24F4F700C4029D /* Array+SafeAccess.swift in Sources */ = {isa = PBXBuildFile; fileRef = C4D482422A24F4F700C4029D /* Array+SafeAccess.swift */; };
		C4D482442A24F4F700C4029D /* Array+SafeAccess.swift in Sources */ = {isa = PBXBuildFile; fileRef = C4D482422A24F4F700C4029D /* Array+SafeAccess.swift */; };
		C4D4824C2A252D2900C4029D /* ForecastViewModel.swift in Sources */ = {isa = PBXBuildFile; fileRef = C4D4824B2A252D2900C4029D /* ForecastViewModel.swift */; };
		C4D4824D2A252D2900C4029D /* ForecastViewModel.swift in Sources */ = {isa = PBXBuildFile; fileRef = C4D4824B2A252D2900C4029D /* ForecastViewModel.swift */; };
		C4D482542A252D8000C4029D /* ForecastViewController.swift in Sources */ = {isa = PBXBuildFile; fileRef = C4D482522A252D8000C4029D /* ForecastViewController.swift */; };
		C4D482552A252D8000C4029D /* ForecastViewController.swift in Sources */ = {isa = PBXBuildFile; fileRef = C4D482522A252D8000C4029D /* ForecastViewController.swift */; };
		C4D482562A252D8000C4029D /* ForecastViewController.xib in Resources */ = {isa = PBXBuildFile; fileRef = C4D482532A252D8000C4029D /* ForecastViewController.xib */; };
		C4D482572A252D8000C4029D /* ForecastViewController.xib in Resources */ = {isa = PBXBuildFile; fileRef = C4D482532A252D8000C4029D /* ForecastViewController.xib */; };
		C4D482592A252F6500C4029D /* ForecastCoordinator.swift in Sources */ = {isa = PBXBuildFile; fileRef = C4D482582A252F6500C4029D /* ForecastCoordinator.swift */; };
		C4D4825A2A252F6500C4029D /* ForecastCoordinator.swift in Sources */ = {isa = PBXBuildFile; fileRef = C4D482582A252F6500C4029D /* ForecastCoordinator.swift */; };
		C4D4825C2A25332F00C4029D /* LocationViewModelTests.swift in Sources */ = {isa = PBXBuildFile; fileRef = C4D4825B2A25332F00C4029D /* LocationViewModelTests.swift */; };
		C4D4825E2A25334600C4029D /* LocationViewControllerTests.swift in Sources */ = {isa = PBXBuildFile; fileRef = C4D4825D2A25334600C4029D /* LocationViewControllerTests.swift */; };
		C4D482602A2536BC00C4029D /* ServerError.swift in Sources */ = {isa = PBXBuildFile; fileRef = C4D4825F2A2536BC00C4029D /* ServerError.swift */; };
		C4D482612A2536BC00C4029D /* ServerError.swift in Sources */ = {isa = PBXBuildFile; fileRef = C4D4825F2A2536BC00C4029D /* ServerError.swift */; };
		C4D482672A25484800C4029D /* String+convertToDayWeek.swift in Sources */ = {isa = PBXBuildFile; fileRef = C4D482662A25484800C4029D /* String+convertToDayWeek.swift */; };
		C4D482682A25484800C4029D /* String+convertToDayWeek.swift in Sources */ = {isa = PBXBuildFile; fileRef = C4D482662A25484800C4029D /* String+convertToDayWeek.swift */; };
		C4D4826B2A254B8F00C4029D /* ForecastCollectionViewCell.swift in Sources */ = {isa = PBXBuildFile; fileRef = C4D482692A254B8F00C4029D /* ForecastCollectionViewCell.swift */; };
		C4D4826C2A254B8F00C4029D /* ForecastCollectionViewCell.xib in Resources */ = {isa = PBXBuildFile; fileRef = C4D4826A2A254B8F00C4029D /* ForecastCollectionViewCell.xib */; };
		C4D482702A2552F700C4029D /* CurrentCollectionViewCell.swift in Sources */ = {isa = PBXBuildFile; fileRef = C4D4826E2A2552F700C4029D /* CurrentCollectionViewCell.swift */; };
		C4D482712A2552F700C4029D /* CurrentCollectionViewCell.xib in Resources */ = {isa = PBXBuildFile; fileRef = C4D4826F2A2552F700C4029D /* CurrentCollectionViewCell.xib */; };
		C4D482822A26626700C4029D /* LocationCollectionViewCell.swift in Sources */ = {isa = PBXBuildFile; fileRef = C4D482802A26626700C4029D /* LocationCollectionViewCell.swift */; };
		C4D4828C2A268C0800C4029D /* Localizable.strings in Resources */ = {isa = PBXBuildFile; fileRef = C4D4828E2A268C0800C4029D /* Localizable.strings */; };
		C4D482902A268DB300C4029D /* UIViewController+AlertViewController.swift in Sources */ = {isa = PBXBuildFile; fileRef = C4D4828F2A268DB300C4029D /* UIViewController+AlertViewController.swift */; };
		C4D482912A26938B00C4029D /* LocationCollectionViewCell.swift in Sources */ = {isa = PBXBuildFile; fileRef = C4D482802A26626700C4029D /* LocationCollectionViewCell.swift */; };
		C4D482922A2693BC00C4029D /* ForecastCollectionViewCell.swift in Sources */ = {isa = PBXBuildFile; fileRef = C4D482692A254B8F00C4029D /* ForecastCollectionViewCell.swift */; };
		C4D482932A2693BE00C4029D /* CurrentCollectionViewCell.swift in Sources */ = {isa = PBXBuildFile; fileRef = C4D4826E2A2552F700C4029D /* CurrentCollectionViewCell.swift */; };
		C4D482952A26956C00C4029D /* ForecastViewModelTests.swift in Sources */ = {isa = PBXBuildFile; fileRef = C4D482942A26956C00C4029D /* ForecastViewModelTests.swift */; };
		DEE98484E1D5FC121FD3D123 /* Pods_WeatherApp_WeatherAppUITests.framework in Frameworks */ = {isa = PBXBuildFile; fileRef = F67F1C6C22AA67154218DCFA /* Pods_WeatherApp_WeatherAppUITests.framework */; };
		FF0BAB983FD33803FDE67BAD /* Pods_WeatherApp.framework in Frameworks */ = {isa = PBXBuildFile; fileRef = D457267C6BB85C69C101912C /* Pods_WeatherApp.framework */; };
/* End PBXBuildFile section */

/* Begin PBXContainerItemProxy section */
		C4D481E42A23B14D00C4029D /* PBXContainerItemProxy */ = {
			isa = PBXContainerItemProxy;
			containerPortal = C4D481C52A23B14B00C4029D /* Project object */;
			proxyType = 1;
			remoteGlobalIDString = C4D481CC2A23B14B00C4029D;
			remoteInfo = WeatherApp;
		};
		C4D481EE2A23B14D00C4029D /* PBXContainerItemProxy */ = {
			isa = PBXContainerItemProxy;
			containerPortal = C4D481C52A23B14B00C4029D /* Project object */;
			proxyType = 1;
			remoteGlobalIDString = C4D481CC2A23B14B00C4029D;
			remoteInfo = WeatherApp;
		};
/* End PBXContainerItemProxy section */

/* Begin PBXFileReference section */
		2E237C2182239D9A73C52C3F /* Pods-WeatherApp-WeatherAppUITests.debug.xcconfig */ = {isa = PBXFileReference; includeInIndex = 1; lastKnownFileType = text.xcconfig; name = "Pods-WeatherApp-WeatherAppUITests.debug.xcconfig"; path = "Target Support Files/Pods-WeatherApp-WeatherAppUITests/Pods-WeatherApp-WeatherAppUITests.debug.xcconfig"; sourceTree = "<group>"; };
		5AFE8F5A8E21FD73C0DBAB4E /* Pods-WeatherAppTests.debug.xcconfig */ = {isa = PBXFileReference; includeInIndex = 1; lastKnownFileType = text.xcconfig; name = "Pods-WeatherAppTests.debug.xcconfig"; path = "Target Support Files/Pods-WeatherAppTests/Pods-WeatherAppTests.debug.xcconfig"; sourceTree = "<group>"; };
		8E9CEFB95927A61CE044B286 /* Pods-WeatherApp.release.xcconfig */ = {isa = PBXFileReference; includeInIndex = 1; lastKnownFileType = text.xcconfig; name = "Pods-WeatherApp.release.xcconfig"; path = "Target Support Files/Pods-WeatherApp/Pods-WeatherApp.release.xcconfig"; sourceTree = "<group>"; };
		8F704E879C7C131F55A73687 /* Pods_WeatherAppTests.framework */ = {isa = PBXFileReference; explicitFileType = wrapper.framework; includeInIndex = 0; path = Pods_WeatherAppTests.framework; sourceTree = BUILT_PRODUCTS_DIR; };
		AB4D336EDB04682E4D203B9D /* Pods-WeatherAppTests.release.xcconfig */ = {isa = PBXFileReference; includeInIndex = 1; lastKnownFileType = text.xcconfig; name = "Pods-WeatherAppTests.release.xcconfig"; path = "Target Support Files/Pods-WeatherAppTests/Pods-WeatherAppTests.release.xcconfig"; sourceTree = "<group>"; };
		BB95B9DFDB53820B15410D61 /* Pods-WeatherApp.debug.xcconfig */ = {isa = PBXFileReference; includeInIndex = 1; lastKnownFileType = text.xcconfig; name = "Pods-WeatherApp.debug.xcconfig"; path = "Target Support Files/Pods-WeatherApp/Pods-WeatherApp.debug.xcconfig"; sourceTree = "<group>"; };
		C4D481CD2A23B14B00C4029D /* WeatherApp.app */ = {isa = PBXFileReference; explicitFileType = wrapper.application; includeInIndex = 0; path = WeatherApp.app; sourceTree = BUILT_PRODUCTS_DIR; };
		C4D481D02A23B14B00C4029D /* AppDelegate.swift */ = {isa = PBXFileReference; lastKnownFileType = sourcecode.swift; path = AppDelegate.swift; sourceTree = "<group>"; };
		C4D481D72A23B14B00C4029D /* Base */ = {isa = PBXFileReference; lastKnownFileType = file.storyboard; name = Base; path = Base.lproj/Main.storyboard; sourceTree = "<group>"; };
		C4D481D92A23B14C00C4029D /* Assets.xcassets */ = {isa = PBXFileReference; lastKnownFileType = folder.assetcatalog; path = Assets.xcassets; sourceTree = "<group>"; };
		C4D481DC2A23B14C00C4029D /* Base */ = {isa = PBXFileReference; lastKnownFileType = file.storyboard; name = Base; path = Base.lproj/LaunchScreen.storyboard; sourceTree = "<group>"; };
		C4D481DE2A23B14C00C4029D /* Info.plist */ = {isa = PBXFileReference; lastKnownFileType = text.plist.xml; path = Info.plist; sourceTree = "<group>"; };
		C4D481E32A23B14D00C4029D /* WeatherAppTests.xctest */ = {isa = PBXFileReference; explicitFileType = wrapper.cfbundle; includeInIndex = 0; path = WeatherAppTests.xctest; sourceTree = BUILT_PRODUCTS_DIR; };
		C4D481E72A23B14D00C4029D /* WeatherAppTests.swift */ = {isa = PBXFileReference; lastKnownFileType = sourcecode.swift; path = WeatherAppTests.swift; sourceTree = "<group>"; };
		C4D481ED2A23B14D00C4029D /* WeatherAppUITests.xctest */ = {isa = PBXFileReference; explicitFileType = wrapper.cfbundle; includeInIndex = 0; path = WeatherAppUITests.xctest; sourceTree = BUILT_PRODUCTS_DIR; };
		C4D481F12A23B14D00C4029D /* WeatherAppUITests.swift */ = {isa = PBXFileReference; lastKnownFileType = sourcecode.swift; path = WeatherAppUITests.swift; sourceTree = "<group>"; };
		C4D481F32A23B14D00C4029D /* WeatherAppUITestsLaunchTests.swift */ = {isa = PBXFileReference; lastKnownFileType = sourcecode.swift; path = WeatherAppUITestsLaunchTests.swift; sourceTree = "<group>"; };
		C4D482002A23B81800C4029D /* AppCoordinator.swift */ = {isa = PBXFileReference; lastKnownFileType = sourcecode.swift; path = AppCoordinator.swift; sourceTree = "<group>"; };
		C4D482032A23B84C00C4029D /* LocationCoordinator.swift */ = {isa = PBXFileReference; lastKnownFileType = sourcecode.swift; path = LocationCoordinator.swift; sourceTree = "<group>"; };
		C4D482062A23B8D600C4029D /* Coordinator.swift */ = {isa = PBXFileReference; lastKnownFileType = sourcecode.swift; path = Coordinator.swift; sourceTree = "<group>"; };
		C4D482142A23BCA600C4029D /* LocationViewController.swift */ = {isa = PBXFileReference; lastKnownFileType = sourcecode.swift; path = LocationViewController.swift; sourceTree = "<group>"; };
		C4D482152A23BCA600C4029D /* LocationViewController.xib */ = {isa = PBXFileReference; lastKnownFileType = file.xib; path = LocationViewController.xib; sourceTree = "<group>"; };
		C4D4821E2A23BEC500C4029D /* AppCoordinatorTests.swift */ = {isa = PBXFileReference; lastKnownFileType = sourcecode.swift; path = AppCoordinatorTests.swift; sourceTree = "<group>"; };
		C4D482202A23BF2300C4029D /* SearchCoordinatorTests.swift */ = {isa = PBXFileReference; lastKnownFileType = sourcecode.swift; path = SearchCoordinatorTests.swift; sourceTree = "<group>"; };
		C4D482242A23C2C600C4029D /* LocationViewModel.swift */ = {isa = PBXFileReference; lastKnownFileType = sourcecode.swift; path = LocationViewModel.swift; sourceTree = "<group>"; };
		C4D482292A24E07100C4029D /* ViewController.swift */ = {isa = PBXFileReference; fileEncoding = 4; lastKnownFileType = sourcecode.swift; path = ViewController.swift; sourceTree = "<group>"; };
		C4D4822D2A24E37300C4029D /* NetworkService.swift */ = {isa = PBXFileReference; lastKnownFileType = sourcecode.swift; path = NetworkService.swift; sourceTree = "<group>"; };
		C4D482302A24E39700C4029D /* APIWeather.swift */ = {isa = PBXFileReference; lastKnownFileType = sourcecode.swift; path = APIWeather.swift; sourceTree = "<group>"; };
		C4D482332A24E58200C4029D /* Secrets.plist */ = {isa = PBXFileReference; lastKnownFileType = text.plist.xml; path = Secrets.plist; sourceTree = "<group>"; };
		C4D482362A24E87500C4029D /* Location.swift */ = {isa = PBXFileReference; lastKnownFileType = sourcecode.swift; path = Location.swift; sourceTree = "<group>"; };
		C4D482382A24E88600C4029D /* Forecast.swift */ = {isa = PBXFileReference; lastKnownFileType = sourcecode.swift; path = Forecast.swift; sourceTree = "<group>"; };
		C4D4823B2A24F17B00C4029D /* APIWeatherTests.swift */ = {isa = PBXFileReference; lastKnownFileType = sourcecode.swift; path = APIWeatherTests.swift; sourceTree = "<group>"; };
		C4D4823D2A24F19000C4029D /* NetworkServiceTests.swift */ = {isa = PBXFileReference; lastKnownFileType = sourcecode.swift; path = NetworkServiceTests.swift; sourceTree = "<group>"; };
		C4D482422A24F4F700C4029D /* Array+SafeAccess.swift */ = {isa = PBXFileReference; lastKnownFileType = sourcecode.swift; path = "Array+SafeAccess.swift"; sourceTree = "<group>"; };
		C4D4824B2A252D2900C4029D /* ForecastViewModel.swift */ = {isa = PBXFileReference; lastKnownFileType = sourcecode.swift; path = ForecastViewModel.swift; sourceTree = "<group>"; };
		C4D482522A252D8000C4029D /* ForecastViewController.swift */ = {isa = PBXFileReference; lastKnownFileType = sourcecode.swift; path = ForecastViewController.swift; sourceTree = "<group>"; };
		C4D482532A252D8000C4029D /* ForecastViewController.xib */ = {isa = PBXFileReference; lastKnownFileType = file.xib; path = ForecastViewController.xib; sourceTree = "<group>"; };
		C4D482582A252F6500C4029D /* ForecastCoordinator.swift */ = {isa = PBXFileReference; lastKnownFileType = sourcecode.swift; path = ForecastCoordinator.swift; sourceTree = "<group>"; };
		C4D4825B2A25332F00C4029D /* LocationViewModelTests.swift */ = {isa = PBXFileReference; lastKnownFileType = sourcecode.swift; path = LocationViewModelTests.swift; sourceTree = "<group>"; };
		C4D4825D2A25334600C4029D /* LocationViewControllerTests.swift */ = {isa = PBXFileReference; lastKnownFileType = sourcecode.swift; path = LocationViewControllerTests.swift; sourceTree = "<group>"; };
		C4D4825F2A2536BC00C4029D /* ServerError.swift */ = {isa = PBXFileReference; lastKnownFileType = sourcecode.swift; path = ServerError.swift; sourceTree = "<group>"; };
		C4D482662A25484800C4029D /* String+convertToDayWeek.swift */ = {isa = PBXFileReference; lastKnownFileType = sourcecode.swift; path = "String+convertToDayWeek.swift"; sourceTree = "<group>"; };
		C4D482692A254B8F00C4029D /* ForecastCollectionViewCell.swift */ = {isa = PBXFileReference; lastKnownFileType = sourcecode.swift; path = ForecastCollectionViewCell.swift; sourceTree = "<group>"; };
		C4D4826A2A254B8F00C4029D /* ForecastCollectionViewCell.xib */ = {isa = PBXFileReference; lastKnownFileType = file.xib; path = ForecastCollectionViewCell.xib; sourceTree = "<group>"; };
		C4D4826E2A2552F700C4029D /* CurrentCollectionViewCell.swift */ = {isa = PBXFileReference; lastKnownFileType = sourcecode.swift; path = CurrentCollectionViewCell.swift; sourceTree = "<group>"; };
		C4D4826F2A2552F700C4029D /* CurrentCollectionViewCell.xib */ = {isa = PBXFileReference; lastKnownFileType = file.xib; path = CurrentCollectionViewCell.xib; sourceTree = "<group>"; };
		C4D482802A26626700C4029D /* LocationCollectionViewCell.swift */ = {isa = PBXFileReference; lastKnownFileType = sourcecode.swift; path = LocationCollectionViewCell.swift; sourceTree = "<group>"; };
		C4D4828D2A268C0800C4029D /* en */ = {isa = PBXFileReference; lastKnownFileType = text.plist.strings; name = en; path = en.lproj/Localizable.strings; sourceTree = "<group>"; };
		C4D4828F2A268DB300C4029D /* UIViewController+AlertViewController.swift */ = {isa = PBXFileReference; lastKnownFileType = sourcecode.swift; path = "UIViewController+AlertViewController.swift"; sourceTree = "<group>"; };
		C4D482942A26956C00C4029D /* ForecastViewModelTests.swift */ = {isa = PBXFileReference; lastKnownFileType = sourcecode.swift; path = ForecastViewModelTests.swift; sourceTree = "<group>"; };
		CF110C5CD148492CA80B7E84 /* Pods-WeatherApp-WeatherAppUITests.release.xcconfig */ = {isa = PBXFileReference; includeInIndex = 1; lastKnownFileType = text.xcconfig; name = "Pods-WeatherApp-WeatherAppUITests.release.xcconfig"; path = "Target Support Files/Pods-WeatherApp-WeatherAppUITests/Pods-WeatherApp-WeatherAppUITests.release.xcconfig"; sourceTree = "<group>"; };
		D457267C6BB85C69C101912C /* Pods_WeatherApp.framework */ = {isa = PBXFileReference; explicitFileType = wrapper.framework; includeInIndex = 0; path = Pods_WeatherApp.framework; sourceTree = BUILT_PRODUCTS_DIR; };
		F67F1C6C22AA67154218DCFA /* Pods_WeatherApp_WeatherAppUITests.framework */ = {isa = PBXFileReference; explicitFileType = wrapper.framework; includeInIndex = 0; path = Pods_WeatherApp_WeatherAppUITests.framework; sourceTree = BUILT_PRODUCTS_DIR; };
/* End PBXFileReference section */

/* Begin PBXFrameworksBuildPhase section */
		C4D481CA2A23B14B00C4029D /* Frameworks */ = {
			isa = PBXFrameworksBuildPhase;
			buildActionMask = 2147483647;
			files = (
				FF0BAB983FD33803FDE67BAD /* Pods_WeatherApp.framework in Frameworks */,
			);
			runOnlyForDeploymentPostprocessing = 0;
		};
		C4D481E02A23B14D00C4029D /* Frameworks */ = {
			isa = PBXFrameworksBuildPhase;
			buildActionMask = 2147483647;
			files = (
				5D7E73B036D5148BE4F3384A /* Pods_WeatherAppTests.framework in Frameworks */,
			);
			runOnlyForDeploymentPostprocessing = 0;
		};
		C4D481EA2A23B14D00C4029D /* Frameworks */ = {
			isa = PBXFrameworksBuildPhase;
			buildActionMask = 2147483647;
			files = (
				DEE98484E1D5FC121FD3D123 /* Pods_WeatherApp_WeatherAppUITests.framework in Frameworks */,
			);
			runOnlyForDeploymentPostprocessing = 0;
		};
/* End PBXFrameworksBuildPhase section */

/* Begin PBXGroup section */
		A22C867EA4DB231DE9B1EC52 /* Pods */ = {
			isa = PBXGroup;
			children = (
				BB95B9DFDB53820B15410D61 /* Pods-WeatherApp.debug.xcconfig */,
				8E9CEFB95927A61CE044B286 /* Pods-WeatherApp.release.xcconfig */,
				2E237C2182239D9A73C52C3F /* Pods-WeatherApp-WeatherAppUITests.debug.xcconfig */,
				CF110C5CD148492CA80B7E84 /* Pods-WeatherApp-WeatherAppUITests.release.xcconfig */,
				5AFE8F5A8E21FD73C0DBAB4E /* Pods-WeatherAppTests.debug.xcconfig */,
				AB4D336EDB04682E4D203B9D /* Pods-WeatherAppTests.release.xcconfig */,
			);
			path = Pods;
			sourceTree = "<group>";
		};
		C4D481C42A23B14B00C4029D = {
			isa = PBXGroup;
			children = (
				C4D481CF2A23B14B00C4029D /* WeatherApp */,
				C4D481E62A23B14D00C4029D /* WeatherAppTests */,
				C4D481F02A23B14D00C4029D /* WeatherAppUITests */,
				C4D481CE2A23B14B00C4029D /* Products */,
				A22C867EA4DB231DE9B1EC52 /* Pods */,
				F7AEB57242EE9A3FF8715D8B /* Frameworks */,
			);
			sourceTree = "<group>";
		};
		C4D481CE2A23B14B00C4029D /* Products */ = {
			isa = PBXGroup;
			children = (
				C4D481CD2A23B14B00C4029D /* WeatherApp.app */,
				C4D481E32A23B14D00C4029D /* WeatherAppTests.xctest */,
				C4D481ED2A23B14D00C4029D /* WeatherAppUITests.xctest */,
			);
			name = Products;
			sourceTree = "<group>";
		};
		C4D481CF2A23B14B00C4029D /* WeatherApp */ = {
			isa = PBXGroup;
			children = (
				C4D482412A24F4AE00C4029D /* Extensiones */,
				C4D4822C2A24E35800C4029D /* Networking */,
				C4D482282A23C30400C4029D /* Coordinators */,
				C4D482272A23C2ED00C4029D /* Models */,
				C4D482232A23C2A500C4029D /* Views */,
				C4D482222A23C29B00C4029D /* ViewModels */,
				C4D481D02A23B14B00C4029D /* AppDelegate.swift */,
				C4D481D62A23B14B00C4029D /* Main.storyboard */,
				C4D482292A24E07100C4029D /* ViewController.swift */,
				C4D481D92A23B14C00C4029D /* Assets.xcassets */,
				C4D481DB2A23B14C00C4029D /* LaunchScreen.storyboard */,
				C4D481DE2A23B14C00C4029D /* Info.plist */,
				C4D482332A24E58200C4029D /* Secrets.plist */,
				C4D4828E2A268C0800C4029D /* Localizable.strings */,
			);
			path = WeatherApp;
			sourceTree = "<group>";
		};
		C4D481E62A23B14D00C4029D /* WeatherAppTests */ = {
			isa = PBXGroup;
			children = (
				C4D482452A24F67B00C4029D /* ViewModels */,
				C4D4823A2A24F10A00C4029D /* NetWorking */,
				C4D4821D2A23BEB400C4029D /* Coordinators */,
				C4D4821A2A23BDD700C4029D /* LocationViewControllerTests */,
				C4D481E72A23B14D00C4029D /* WeatherAppTests.swift */,
			);
			path = WeatherAppTests;
			sourceTree = "<group>";
		};
		C4D481F02A23B14D00C4029D /* WeatherAppUITests */ = {
			isa = PBXGroup;
			children = (
				C4D481F12A23B14D00C4029D /* WeatherAppUITests.swift */,
				C4D481F32A23B14D00C4029D /* WeatherAppUITestsLaunchTests.swift */,
			);
			path = WeatherAppUITests;
			sourceTree = "<group>";
		};
		C4D482132A23BC9500C4029D /* Location */ = {
			isa = PBXGroup;
			children = (
				C4D482842A26627C00C4029D /* LocationCollectionViewCell */,
				C4D482142A23BCA600C4029D /* LocationViewController.swift */,
				C4D482152A23BCA600C4029D /* LocationViewController.xib */,
			);
			path = Location;
			sourceTree = "<group>";
		};
		C4D4821A2A23BDD700C4029D /* LocationViewControllerTests */ = {
			isa = PBXGroup;
			children = (
				C4D4825D2A25334600C4029D /* LocationViewControllerTests.swift */,
			);
			path = LocationViewControllerTests;
			sourceTree = "<group>";
		};
		C4D4821D2A23BEB400C4029D /* Coordinators */ = {
			isa = PBXGroup;
			children = (
				C4D4821E2A23BEC500C4029D /* AppCoordinatorTests.swift */,
				C4D482202A23BF2300C4029D /* SearchCoordinatorTests.swift */,
			);
			path = Coordinators;
			sourceTree = "<group>";
		};
		C4D482222A23C29B00C4029D /* ViewModels */ = {
			isa = PBXGroup;
			children = (
				C4D482242A23C2C600C4029D /* LocationViewModel.swift */,
				C4D4824B2A252D2900C4029D /* ForecastViewModel.swift */,
			);
			path = ViewModels;
			sourceTree = "<group>";
		};
		C4D482232A23C2A500C4029D /* Views */ = {
			isa = PBXGroup;
			children = (
				C4D4824E2A252D5000C4029D /* Forecast */,
				C4D482132A23BC9500C4029D /* Location */,
			);
			path = Views;
			sourceTree = "<group>";
		};
		C4D482272A23C2ED00C4029D /* Models */ = {
			isa = PBXGroup;
			children = (
				C4D482362A24E87500C4029D /* Location.swift */,
				C4D482382A24E88600C4029D /* Forecast.swift */,
			);
			path = Models;
			sourceTree = "<group>";
		};
		C4D482282A23C30400C4029D /* Coordinators */ = {
			isa = PBXGroup;
			children = (
				C4D482062A23B8D600C4029D /* Coordinator.swift */,
				C4D482002A23B81800C4029D /* AppCoordinator.swift */,
				C4D482032A23B84C00C4029D /* LocationCoordinator.swift */,
				C4D482582A252F6500C4029D /* ForecastCoordinator.swift */,
			);
			path = Coordinators;
			sourceTree = "<group>";
		};
		C4D4822C2A24E35800C4029D /* Networking */ = {
			isa = PBXGroup;
			children = (
				C4D4822D2A24E37300C4029D /* NetworkService.swift */,
				C4D482302A24E39700C4029D /* APIWeather.swift */,
				C4D4825F2A2536BC00C4029D /* ServerError.swift */,
			);
			path = Networking;
			sourceTree = "<group>";
		};
		C4D4823A2A24F10A00C4029D /* NetWorking */ = {
			isa = PBXGroup;
			children = (
				C4D4823B2A24F17B00C4029D /* APIWeatherTests.swift */,
				C4D4823D2A24F19000C4029D /* NetworkServiceTests.swift */,
			);
			path = NetWorking;
			sourceTree = "<group>";
		};
		C4D482412A24F4AE00C4029D /* Extensiones */ = {
			isa = PBXGroup;
			children = (
				C4D482422A24F4F700C4029D /* Array+SafeAccess.swift */,
				C4D482662A25484800C4029D /* String+convertToDayWeek.swift */,
				C4D4828F2A268DB300C4029D /* UIViewController+AlertViewController.swift */,
			);
			path = Extensiones;
			sourceTree = "<group>";
		};
		C4D482452A24F67B00C4029D /* ViewModels */ = {
			isa = PBXGroup;
			children = (
				C4D4825B2A25332F00C4029D /* LocationViewModelTests.swift */,
				C4D482942A26956C00C4029D /* ForecastViewModelTests.swift */,
			);
			path = ViewModels;
			sourceTree = "<group>";
		};
		C4D4824E2A252D5000C4029D /* Forecast */ = {
			isa = PBXGroup;
			children = (
				C4D4826D2A2552EA00C4029D /* CurrentCollectionViewCell */,
				C4D482622A25457300C4029D /* ForecastCollectionViewCell */,
				C4D482522A252D8000C4029D /* ForecastViewController.swift */,
				C4D482532A252D8000C4029D /* ForecastViewController.xib */,
			);
			path = Forecast;
			sourceTree = "<group>";
		};
		C4D482622A25457300C4029D /* ForecastCollectionViewCell */ = {
			isa = PBXGroup;
			children = (
				C4D482692A254B8F00C4029D /* ForecastCollectionViewCell.swift */,
				C4D4826A2A254B8F00C4029D /* ForecastCollectionViewCell.xib */,
			);
			path = ForecastCollectionViewCell;
			sourceTree = "<group>";
		};
		C4D4826D2A2552EA00C4029D /* CurrentCollectionViewCell */ = {
			isa = PBXGroup;
			children = (
				C4D4826E2A2552F700C4029D /* CurrentCollectionViewCell.swift */,
				C4D4826F2A2552F700C4029D /* CurrentCollectionViewCell.xib */,
			);
			path = CurrentCollectionViewCell;
			sourceTree = "<group>";
		};
		C4D482842A26627C00C4029D /* LocationCollectionViewCell */ = {
			isa = PBXGroup;
			children = (
				C4D482802A26626700C4029D /* LocationCollectionViewCell.swift */,
			);
			path = LocationCollectionViewCell;
			sourceTree = "<group>";
		};
		F7AEB57242EE9A3FF8715D8B /* Frameworks */ = {
			isa = PBXGroup;
			children = (
				D457267C6BB85C69C101912C /* Pods_WeatherApp.framework */,
				F67F1C6C22AA67154218DCFA /* Pods_WeatherApp_WeatherAppUITests.framework */,
				8F704E879C7C131F55A73687 /* Pods_WeatherAppTests.framework */,
			);
			name = Frameworks;
			sourceTree = "<group>";
		};
/* End PBXGroup section */

/* Begin PBXNativeTarget section */
		C4D481CC2A23B14B00C4029D /* WeatherApp */ = {
			isa = PBXNativeTarget;
			buildConfigurationList = C4D481F72A23B14D00C4029D /* Build configuration list for PBXNativeTarget "WeatherApp" */;
			buildPhases = (
				4ECF7B8AD085D23C731D26DB /* [CP] Check Pods Manifest.lock */,
				C4D481C92A23B14B00C4029D /* Sources */,
				C4D481CA2A23B14B00C4029D /* Frameworks */,
				C4D481CB2A23B14B00C4029D /* Resources */,
				78159D0140A3679402AE4CCB /* [CP] Embed Pods Frameworks */,
			);
			buildRules = (
			);
			dependencies = (
			);
			name = WeatherApp;
			productName = WeatherApp;
			productReference = C4D481CD2A23B14B00C4029D /* WeatherApp.app */;
			productType = "com.apple.product-type.application";
		};
		C4D481E22A23B14D00C4029D /* WeatherAppTests */ = {
			isa = PBXNativeTarget;
			buildConfigurationList = C4D481FA2A23B14D00C4029D /* Build configuration list for PBXNativeTarget "WeatherAppTests" */;
			buildPhases = (
				82036FBAFFD1D6D11B483BA3 /* [CP] Check Pods Manifest.lock */,
				C4D481DF2A23B14D00C4029D /* Sources */,
				C4D481E02A23B14D00C4029D /* Frameworks */,
				C4D481E12A23B14D00C4029D /* Resources */,
			);
			buildRules = (
			);
			dependencies = (
				C4D481E52A23B14D00C4029D /* PBXTargetDependency */,
			);
			name = WeatherAppTests;
			productName = WeatherAppTests;
			productReference = C4D481E32A23B14D00C4029D /* WeatherAppTests.xctest */;
			productType = "com.apple.product-type.bundle.unit-test";
		};
		C4D481EC2A23B14D00C4029D /* WeatherAppUITests */ = {
			isa = PBXNativeTarget;
			buildConfigurationList = C4D481FD2A23B14D00C4029D /* Build configuration list for PBXNativeTarget "WeatherAppUITests" */;
			buildPhases = (
				D6E3F0CCB90810FD707028F8 /* [CP] Check Pods Manifest.lock */,
				C4D481E92A23B14D00C4029D /* Sources */,
				C4D481EA2A23B14D00C4029D /* Frameworks */,
				C4D481EB2A23B14D00C4029D /* Resources */,
				A637ADABA869E06DAD9C89DC /* [CP] Embed Pods Frameworks */,
			);
			buildRules = (
			);
			dependencies = (
				C4D481EF2A23B14D00C4029D /* PBXTargetDependency */,
			);
			name = WeatherAppUITests;
			productName = WeatherAppUITests;
			productReference = C4D481ED2A23B14D00C4029D /* WeatherAppUITests.xctest */;
			productType = "com.apple.product-type.bundle.ui-testing";
		};
/* End PBXNativeTarget section */

/* Begin PBXProject section */
		C4D481C52A23B14B00C4029D /* Project object */ = {
			isa = PBXProject;
			attributes = {
				BuildIndependentTargetsInParallel = 1;
				LastSwiftUpdateCheck = 1420;
				LastUpgradeCheck = 1420;
				TargetAttributes = {
					C4D481CC2A23B14B00C4029D = {
						CreatedOnToolsVersion = 14.2;
					};
					C4D481E22A23B14D00C4029D = {
						CreatedOnToolsVersion = 14.2;
						TestTargetID = C4D481CC2A23B14B00C4029D;
					};
					C4D481EC2A23B14D00C4029D = {
						CreatedOnToolsVersion = 14.2;
						TestTargetID = C4D481CC2A23B14B00C4029D;
					};
				};
			};
			buildConfigurationList = C4D481C82A23B14B00C4029D /* Build configuration list for PBXProject "WeatherApp" */;
			compatibilityVersion = "Xcode 14.0";
			developmentRegion = en;
			hasScannedForEncodings = 0;
			knownRegions = (
				en,
				Base,
			);
			mainGroup = C4D481C42A23B14B00C4029D;
			productRefGroup = C4D481CE2A23B14B00C4029D /* Products */;
			projectDirPath = "";
			projectRoot = "";
			targets = (
				C4D481CC2A23B14B00C4029D /* WeatherApp */,
				C4D481E22A23B14D00C4029D /* WeatherAppTests */,
				C4D481EC2A23B14D00C4029D /* WeatherAppUITests */,
			);
		};
/* End PBXProject section */

/* Begin PBXResourcesBuildPhase section */
		C4D481CB2A23B14B00C4029D /* Resources */ = {
			isa = PBXResourcesBuildPhase;
			buildActionMask = 2147483647;
			files = (
				C4D482712A2552F700C4029D /* CurrentCollectionViewCell.xib in Resources */,
				C4D481DD2A23B14C00C4029D /* LaunchScreen.storyboard in Resources */,
				C4D482562A252D8000C4029D /* ForecastViewController.xib in Resources */,
				C4D482342A24E58200C4029D /* Secrets.plist in Resources */,
				C4D4828C2A268C0800C4029D /* Localizable.strings in Resources */,
				C4D481DA2A23B14C00C4029D /* Assets.xcassets in Resources */,
				C4D482182A23BCA600C4029D /* LocationViewController.xib in Resources */,
				C4D4826C2A254B8F00C4029D /* ForecastCollectionViewCell.xib in Resources */,
				C4D481D82A23B14B00C4029D /* Main.storyboard in Resources */,
			);
			runOnlyForDeploymentPostprocessing = 0;
		};
		C4D481E12A23B14D00C4029D /* Resources */ = {
			isa = PBXResourcesBuildPhase;
			buildActionMask = 2147483647;
			files = (
				C4D482352A24E58200C4029D /* Secrets.plist in Resources */,
				C4D482572A252D8000C4029D /* ForecastViewController.xib in Resources */,
				C4D482192A23BCA600C4029D /* LocationViewController.xib in Resources */,
			);
			runOnlyForDeploymentPostprocessing = 0;
		};
		C4D481EB2A23B14D00C4029D /* Resources */ = {
			isa = PBXResourcesBuildPhase;
			buildActionMask = 2147483647;
			files = (
			);
			runOnlyForDeploymentPostprocessing = 0;
		};
/* End PBXResourcesBuildPhase section */

/* Begin PBXShellScriptBuildPhase section */
		4ECF7B8AD085D23C731D26DB /* [CP] Check Pods Manifest.lock */ = {
			isa = PBXShellScriptBuildPhase;
			buildActionMask = 2147483647;
			files = (
			);
			inputFileListPaths = (
			);
			inputPaths = (
				"${PODS_PODFILE_DIR_PATH}/Podfile.lock",
				"${PODS_ROOT}/Manifest.lock",
			);
			name = "[CP] Check Pods Manifest.lock";
			outputFileListPaths = (
			);
			outputPaths = (
				"$(DERIVED_FILE_DIR)/Pods-WeatherApp-checkManifestLockResult.txt",
			);
			runOnlyForDeploymentPostprocessing = 0;
			shellPath = /bin/sh;
			shellScript = "diff \"${PODS_PODFILE_DIR_PATH}/Podfile.lock\" \"${PODS_ROOT}/Manifest.lock\" > /dev/null\nif [ $? != 0 ] ; then\n    # print error to STDERR\n    echo \"error: The sandbox is not in sync with the Podfile.lock. Run 'pod install' or update your CocoaPods installation.\" >&2\n    exit 1\nfi\n# This output is used by Xcode 'outputs' to avoid re-running this script phase.\necho \"SUCCESS\" > \"${SCRIPT_OUTPUT_FILE_0}\"\n";
			showEnvVarsInLog = 0;
		};
		78159D0140A3679402AE4CCB /* [CP] Embed Pods Frameworks */ = {
			isa = PBXShellScriptBuildPhase;
			buildActionMask = 2147483647;
			files = (
			);
			inputFileListPaths = (
				"${PODS_ROOT}/Target Support Files/Pods-WeatherApp/Pods-WeatherApp-frameworks-${CONFIGURATION}-input-files.xcfilelist",
			);
			name = "[CP] Embed Pods Frameworks";
			outputFileListPaths = (
				"${PODS_ROOT}/Target Support Files/Pods-WeatherApp/Pods-WeatherApp-frameworks-${CONFIGURATION}-output-files.xcfilelist",
			);
			runOnlyForDeploymentPostprocessing = 0;
			shellPath = /bin/sh;
			shellScript = "\"${PODS_ROOT}/Target Support Files/Pods-WeatherApp/Pods-WeatherApp-frameworks.sh\"\n";
			showEnvVarsInLog = 0;
		};
		82036FBAFFD1D6D11B483BA3 /* [CP] Check Pods Manifest.lock */ = {
			isa = PBXShellScriptBuildPhase;
			buildActionMask = 2147483647;
			files = (
			);
			inputFileListPaths = (
			);
			inputPaths = (
				"${PODS_PODFILE_DIR_PATH}/Podfile.lock",
				"${PODS_ROOT}/Manifest.lock",
			);
			name = "[CP] Check Pods Manifest.lock";
			outputFileListPaths = (
			);
			outputPaths = (
				"$(DERIVED_FILE_DIR)/Pods-WeatherAppTests-checkManifestLockResult.txt",
			);
			runOnlyForDeploymentPostprocessing = 0;
			shellPath = /bin/sh;
			shellScript = "diff \"${PODS_PODFILE_DIR_PATH}/Podfile.lock\" \"${PODS_ROOT}/Manifest.lock\" > /dev/null\nif [ $? != 0 ] ; then\n    # print error to STDERR\n    echo \"error: The sandbox is not in sync with the Podfile.lock. Run 'pod install' or update your CocoaPods installation.\" >&2\n    exit 1\nfi\n# This output is used by Xcode 'outputs' to avoid re-running this script phase.\necho \"SUCCESS\" > \"${SCRIPT_OUTPUT_FILE_0}\"\n";
			showEnvVarsInLog = 0;
		};
		A637ADABA869E06DAD9C89DC /* [CP] Embed Pods Frameworks */ = {
			isa = PBXShellScriptBuildPhase;
			buildActionMask = 2147483647;
			files = (
			);
			inputFileListPaths = (
				"${PODS_ROOT}/Target Support Files/Pods-WeatherApp-WeatherAppUITests/Pods-WeatherApp-WeatherAppUITests-frameworks-${CONFIGURATION}-input-files.xcfilelist",
			);
			name = "[CP] Embed Pods Frameworks";
			outputFileListPaths = (
				"${PODS_ROOT}/Target Support Files/Pods-WeatherApp-WeatherAppUITests/Pods-WeatherApp-WeatherAppUITests-frameworks-${CONFIGURATION}-output-files.xcfilelist",
			);
			runOnlyForDeploymentPostprocessing = 0;
			shellPath = /bin/sh;
			shellScript = "\"${PODS_ROOT}/Target Support Files/Pods-WeatherApp-WeatherAppUITests/Pods-WeatherApp-WeatherAppUITests-frameworks.sh\"\n";
			showEnvVarsInLog = 0;
		};
		D6E3F0CCB90810FD707028F8 /* [CP] Check Pods Manifest.lock */ = {
			isa = PBXShellScriptBuildPhase;
			buildActionMask = 2147483647;
			files = (
			);
			inputFileListPaths = (
			);
			inputPaths = (
				"${PODS_PODFILE_DIR_PATH}/Podfile.lock",
				"${PODS_ROOT}/Manifest.lock",
			);
			name = "[CP] Check Pods Manifest.lock";
			outputFileListPaths = (
			);
			outputPaths = (
				"$(DERIVED_FILE_DIR)/Pods-WeatherApp-WeatherAppUITests-checkManifestLockResult.txt",
			);
			runOnlyForDeploymentPostprocessing = 0;
			shellPath = /bin/sh;
			shellScript = "diff \"${PODS_PODFILE_DIR_PATH}/Podfile.lock\" \"${PODS_ROOT}/Manifest.lock\" > /dev/null\nif [ $? != 0 ] ; then\n    # print error to STDERR\n    echo \"error: The sandbox is not in sync with the Podfile.lock. Run 'pod install' or update your CocoaPods installation.\" >&2\n    exit 1\nfi\n# This output is used by Xcode 'outputs' to avoid re-running this script phase.\necho \"SUCCESS\" > \"${SCRIPT_OUTPUT_FILE_0}\"\n";
			showEnvVarsInLog = 0;
		};
/* End PBXShellScriptBuildPhase section */

/* Begin PBXSourcesBuildPhase section */
		C4D481C92A23B14B00C4029D /* Sources */ = {
			isa = PBXSourcesBuildPhase;
			buildActionMask = 2147483647;
			files = (
				C4D482162A23BCA600C4029D /* LocationViewController.swift in Sources */,
				C4D482252A23C2C600C4029D /* LocationViewModel.swift in Sources */,
				C4D482672A25484800C4029D /* String+convertToDayWeek.swift in Sources */,
				C4D482902A268DB300C4029D /* UIViewController+AlertViewController.swift in Sources */,
				C4D482542A252D8000C4029D /* ForecastViewController.swift in Sources */,
				C4D482702A2552F700C4029D /* CurrentCollectionViewCell.swift in Sources */,
				C4D482822A26626700C4029D /* LocationCollectionViewCell.swift in Sources */,
				C4D482372A24E87500C4029D /* Location.swift in Sources */,
				C4D4824C2A252D2900C4029D /* ForecastViewModel.swift in Sources */,
				C4D4822E2A24E37300C4029D /* NetworkService.swift in Sources */,
				C4D482042A23B84C00C4029D /* LocationCoordinator.swift in Sources */,
				C4D482312A24E39700C4029D /* APIWeather.swift in Sources */,
				C4D482602A2536BC00C4029D /* ServerError.swift in Sources */,
				C4D482012A23B81800C4029D /* AppCoordinator.swift in Sources */,
				C4D4822A2A24E07100C4029D /* ViewController.swift in Sources */,
				C4D482432A24F4F700C4029D /* Array+SafeAccess.swift in Sources */,
				C4D482072A23B8D600C4029D /* Coordinator.swift in Sources */,
				C4D482392A24E88600C4029D /* Forecast.swift in Sources */,
				C4D481D12A23B14B00C4029D /* AppDelegate.swift in Sources */,
				C4D4826B2A254B8F00C4029D /* ForecastCollectionViewCell.swift in Sources */,
				C4D482592A252F6500C4029D /* ForecastCoordinator.swift in Sources */,
			);
			runOnlyForDeploymentPostprocessing = 0;
		};
		C4D481DF2A23B14D00C4029D /* Sources */ = {
			isa = PBXSourcesBuildPhase;
			buildActionMask = 2147483647;
			files = (
				C4D482952A26956C00C4029D /* ForecastViewModelTests.swift in Sources */,
				C4D482612A2536BC00C4029D /* ServerError.swift in Sources */,
				C4D482402A24F21900C4029D /* Forecast.swift in Sources */,
				C4D4822F2A24E37300C4029D /* NetworkService.swift in Sources */,
				C4D482922A2693BC00C4029D /* ForecastCollectionViewCell.swift in Sources */,
				C4D482322A24E39700C4029D /* APIWeather.swift in Sources */,
				C4D4822B2A24E07100C4029D /* ViewController.swift in Sources */,
				C4D4825E2A25334600C4029D /* LocationViewControllerTests.swift in Sources */,
				C4D482172A23BCA600C4029D /* LocationViewController.swift in Sources */,
				C4D482082A23B8D600C4029D /* Coordinator.swift in Sources */,
				C4D4823C2A24F17B00C4029D /* APIWeatherTests.swift in Sources */,
				C4D4825C2A25332F00C4029D /* LocationViewModelTests.swift in Sources */,
				C4D482552A252D8000C4029D /* ForecastViewController.swift in Sources */,
				C4D482932A2693BE00C4029D /* CurrentCollectionViewCell.swift in Sources */,
				C4D4824D2A252D2900C4029D /* ForecastViewModel.swift in Sources */,
				C4D4823F2A24F21700C4029D /* Location.swift in Sources */,
				C4D482022A23B81800C4029D /* AppCoordinator.swift in Sources */,
				C4D482912A26938B00C4029D /* LocationCollectionViewCell.swift in Sources */,
				C4D4825A2A252F6500C4029D /* ForecastCoordinator.swift in Sources */,
				C4D4823E2A24F19000C4029D /* NetworkServiceTests.swift in Sources */,
				C4D482212A23BF2300C4029D /* SearchCoordinatorTests.swift in Sources */,
				C4D482052A23B84C00C4029D /* LocationCoordinator.swift in Sources */,
				C4D482262A23C2C600C4029D /* LocationViewModel.swift in Sources */,
				C4D482682A25484800C4029D /* String+convertToDayWeek.swift in Sources */,
				C4D481E82A23B14D00C4029D /* WeatherAppTests.swift in Sources */,
				C4D4821F2A23BEC500C4029D /* AppCoordinatorTests.swift in Sources */,
				C4D482442A24F4F700C4029D /* Array+SafeAccess.swift in Sources */,
			);
			runOnlyForDeploymentPostprocessing = 0;
		};
		C4D481E92A23B14D00C4029D /* Sources */ = {
			isa = PBXSourcesBuildPhase;
			buildActionMask = 2147483647;
			files = (
				C4D481F22A23B14D00C4029D /* WeatherAppUITests.swift in Sources */,
				C4D481F42A23B14D00C4029D /* WeatherAppUITestsLaunchTests.swift in Sources */,
			);
			runOnlyForDeploymentPostprocessing = 0;
		};
/* End PBXSourcesBuildPhase section */

/* Begin PBXTargetDependency section */
		C4D481E52A23B14D00C4029D /* PBXTargetDependency */ = {
			isa = PBXTargetDependency;
			target = C4D481CC2A23B14B00C4029D /* WeatherApp */;
			targetProxy = C4D481E42A23B14D00C4029D /* PBXContainerItemProxy */;
		};
		C4D481EF2A23B14D00C4029D /* PBXTargetDependency */ = {
			isa = PBXTargetDependency;
			target = C4D481CC2A23B14B00C4029D /* WeatherApp */;
			targetProxy = C4D481EE2A23B14D00C4029D /* PBXContainerItemProxy */;
		};
/* End PBXTargetDependency section */

/* Begin PBXVariantGroup section */
		C4D481D62A23B14B00C4029D /* Main.storyboard */ = {
			isa = PBXVariantGroup;
			children = (
				C4D481D72A23B14B00C4029D /* Base */,
			);
			name = Main.storyboard;
			sourceTree = "<group>";
		};
		C4D481DB2A23B14C00C4029D /* LaunchScreen.storyboard */ = {
			isa = PBXVariantGroup;
			children = (
				C4D481DC2A23B14C00C4029D /* Base */,
			);
			name = LaunchScreen.storyboard;
			sourceTree = "<group>";
		};
		C4D4828E2A268C0800C4029D /* Localizable.strings */ = {
			isa = PBXVariantGroup;
			children = (
				C4D4828D2A268C0800C4029D /* en */,
			);
			name = Localizable.strings;
			sourceTree = "<group>";
		};
/* End PBXVariantGroup section */

/* Begin XCBuildConfiguration section */
		C4D481F52A23B14D00C4029D /* Debug */ = {
			isa = XCBuildConfiguration;
			buildSettings = {
				ALWAYS_SEARCH_USER_PATHS = NO;
				CLANG_ANALYZER_NONNULL = YES;
				CLANG_ANALYZER_NUMBER_OBJECT_CONVERSION = YES_AGGRESSIVE;
				CLANG_CXX_LANGUAGE_STANDARD = "gnu++20";
				CLANG_ENABLE_MODULES = YES;
				CLANG_ENABLE_OBJC_ARC = YES;
				CLANG_ENABLE_OBJC_WEAK = YES;
				CLANG_WARN_BLOCK_CAPTURE_AUTORELEASING = YES;
				CLANG_WARN_BOOL_CONVERSION = YES;
				CLANG_WARN_COMMA = YES;
				CLANG_WARN_CONSTANT_CONVERSION = YES;
				CLANG_WARN_DEPRECATED_OBJC_IMPLEMENTATIONS = YES;
				CLANG_WARN_DIRECT_OBJC_ISA_USAGE = YES_ERROR;
				CLANG_WARN_DOCUMENTATION_COMMENTS = YES;
				CLANG_WARN_EMPTY_BODY = YES;
				CLANG_WARN_ENUM_CONVERSION = YES;
				CLANG_WARN_INFINITE_RECURSION = YES;
				CLANG_WARN_INT_CONVERSION = YES;
				CLANG_WARN_NON_LITERAL_NULL_CONVERSION = YES;
				CLANG_WARN_OBJC_IMPLICIT_RETAIN_SELF = YES;
				CLANG_WARN_OBJC_LITERAL_CONVERSION = YES;
				CLANG_WARN_OBJC_ROOT_CLASS = YES_ERROR;
				CLANG_WARN_QUOTED_INCLUDE_IN_FRAMEWORK_HEADER = YES;
				CLANG_WARN_RANGE_LOOP_ANALYSIS = YES;
				CLANG_WARN_STRICT_PROTOTYPES = YES;
				CLANG_WARN_SUSPICIOUS_MOVE = YES;
				CLANG_WARN_UNGUARDED_AVAILABILITY = YES_AGGRESSIVE;
				CLANG_WARN_UNREACHABLE_CODE = YES;
				CLANG_WARN__DUPLICATE_METHOD_MATCH = YES;
				COPY_PHASE_STRIP = NO;
				DEBUG_INFORMATION_FORMAT = dwarf;
				ENABLE_STRICT_OBJC_MSGSEND = YES;
				ENABLE_TESTABILITY = YES;
				GCC_C_LANGUAGE_STANDARD = gnu11;
				GCC_DYNAMIC_NO_PIC = NO;
				GCC_NO_COMMON_BLOCKS = YES;
				GCC_OPTIMIZATION_LEVEL = 0;
				GCC_PREPROCESSOR_DEFINITIONS = (
					"DEBUG=1",
					"$(inherited)",
				);
				GCC_WARN_64_TO_32_BIT_CONVERSION = YES;
				GCC_WARN_ABOUT_RETURN_TYPE = YES_ERROR;
				GCC_WARN_UNDECLARED_SELECTOR = YES;
				GCC_WARN_UNINITIALIZED_AUTOS = YES_AGGRESSIVE;
				GCC_WARN_UNUSED_FUNCTION = YES;
				GCC_WARN_UNUSED_VARIABLE = YES;
				IPHONEOS_DEPLOYMENT_TARGET = 11.0;
				MTL_ENABLE_DEBUG_INFO = INCLUDE_SOURCE;
				MTL_FAST_MATH = YES;
				ONLY_ACTIVE_ARCH = YES;
				SDKROOT = iphoneos;
				SWIFT_ACTIVE_COMPILATION_CONDITIONS = DEBUG;
				SWIFT_OPTIMIZATION_LEVEL = "-Onone";
			};
			name = Debug;
		};
		C4D481F62A23B14D00C4029D /* Release */ = {
			isa = XCBuildConfiguration;
			buildSettings = {
				ALWAYS_SEARCH_USER_PATHS = NO;
				CLANG_ANALYZER_NONNULL = YES;
				CLANG_ANALYZER_NUMBER_OBJECT_CONVERSION = YES_AGGRESSIVE;
				CLANG_CXX_LANGUAGE_STANDARD = "gnu++20";
				CLANG_ENABLE_MODULES = YES;
				CLANG_ENABLE_OBJC_ARC = YES;
				CLANG_ENABLE_OBJC_WEAK = YES;
				CLANG_WARN_BLOCK_CAPTURE_AUTORELEASING = YES;
				CLANG_WARN_BOOL_CONVERSION = YES;
				CLANG_WARN_COMMA = YES;
				CLANG_WARN_CONSTANT_CONVERSION = YES;
				CLANG_WARN_DEPRECATED_OBJC_IMPLEMENTATIONS = YES;
				CLANG_WARN_DIRECT_OBJC_ISA_USAGE = YES_ERROR;
				CLANG_WARN_DOCUMENTATION_COMMENTS = YES;
				CLANG_WARN_EMPTY_BODY = YES;
				CLANG_WARN_ENUM_CONVERSION = YES;
				CLANG_WARN_INFINITE_RECURSION = YES;
				CLANG_WARN_INT_CONVERSION = YES;
				CLANG_WARN_NON_LITERAL_NULL_CONVERSION = YES;
				CLANG_WARN_OBJC_IMPLICIT_RETAIN_SELF = YES;
				CLANG_WARN_OBJC_LITERAL_CONVERSION = YES;
				CLANG_WARN_OBJC_ROOT_CLASS = YES_ERROR;
				CLANG_WARN_QUOTED_INCLUDE_IN_FRAMEWORK_HEADER = YES;
				CLANG_WARN_RANGE_LOOP_ANALYSIS = YES;
				CLANG_WARN_STRICT_PROTOTYPES = YES;
				CLANG_WARN_SUSPICIOUS_MOVE = YES;
				CLANG_WARN_UNGUARDED_AVAILABILITY = YES_AGGRESSIVE;
				CLANG_WARN_UNREACHABLE_CODE = YES;
				CLANG_WARN__DUPLICATE_METHOD_MATCH = YES;
				COPY_PHASE_STRIP = NO;
				DEBUG_INFORMATION_FORMAT = "dwarf-with-dsym";
				ENABLE_NS_ASSERTIONS = NO;
				ENABLE_STRICT_OBJC_MSGSEND = YES;
				GCC_C_LANGUAGE_STANDARD = gnu11;
				GCC_NO_COMMON_BLOCKS = YES;
				GCC_WARN_64_TO_32_BIT_CONVERSION = YES;
				GCC_WARN_ABOUT_RETURN_TYPE = YES_ERROR;
				GCC_WARN_UNDECLARED_SELECTOR = YES;
				GCC_WARN_UNINITIALIZED_AUTOS = YES_AGGRESSIVE;
				GCC_WARN_UNUSED_FUNCTION = YES;
				GCC_WARN_UNUSED_VARIABLE = YES;
				IPHONEOS_DEPLOYMENT_TARGET = 11.0;
				MTL_ENABLE_DEBUG_INFO = NO;
				MTL_FAST_MATH = YES;
				SDKROOT = iphoneos;
				SWIFT_COMPILATION_MODE = wholemodule;
				SWIFT_OPTIMIZATION_LEVEL = "-O";
				VALIDATE_PRODUCT = YES;
			};
			name = Release;
		};
		C4D481F82A23B14D00C4029D /* Debug */ = {
			isa = XCBuildConfiguration;
			baseConfigurationReference = BB95B9DFDB53820B15410D61 /* Pods-WeatherApp.debug.xcconfig */;
			buildSettings = {
				ASSETCATALOG_COMPILER_APPICON_NAME = AppIcon;
				ASSETCATALOG_COMPILER_GLOBAL_ACCENT_COLOR_NAME = AccentColor;
				CODE_SIGN_STYLE = Automatic;
				CURRENT_PROJECT_VERSION = 1;
				DEVELOPMENT_TEAM = L58P7YLHXD;
				GENERATE_INFOPLIST_FILE = YES;
				INFOPLIST_FILE = WeatherApp/Info.plist;
				INFOPLIST_KEY_UIApplicationSupportsIndirectInputEvents = YES;
				INFOPLIST_KEY_UILaunchStoryboardName = LaunchScreen.storyboard;
				INFOPLIST_KEY_UIMainStoryboardFile = Main;
				INFOPLIST_KEY_UIRequiredDeviceCapabilities = armv7;
				INFOPLIST_KEY_UISupportedInterfaceOrientations_iPad = "UIInterfaceOrientationPortrait UIInterfaceOrientationPortraitUpsideDown UIInterfaceOrientationLandscapeLeft UIInterfaceOrientationLandscapeRight";
				INFOPLIST_KEY_UISupportedInterfaceOrientations_iPhone = "UIInterfaceOrientationPortrait UIInterfaceOrientationLandscapeLeft UIInterfaceOrientationLandscapeRight";
				IPHONEOS_DEPLOYMENT_TARGET = 11.0;
				LD_RUNPATH_SEARCH_PATHS = (
					"$(inherited)",
					"@executable_path/Frameworks",
				);
				MARKETING_VERSION = 1.0;
				PRODUCT_BUNDLE_IDENTIFIER = com.rmantilla.wheatherApp.WeatherApp;
				PRODUCT_NAME = "$(TARGET_NAME)";
				SWIFT_EMIT_LOC_STRINGS = YES;
				SWIFT_VERSION = 5.0;
				TARGETED_DEVICE_FAMILY = "1,2";
			};
			name = Debug;
		};
		C4D481F92A23B14D00C4029D /* Release */ = {
			isa = XCBuildConfiguration;
			baseConfigurationReference = 8E9CEFB95927A61CE044B286 /* Pods-WeatherApp.release.xcconfig */;
			buildSettings = {
				ASSETCATALOG_COMPILER_APPICON_NAME = AppIcon;
				ASSETCATALOG_COMPILER_GLOBAL_ACCENT_COLOR_NAME = AccentColor;
				CODE_SIGN_STYLE = Automatic;
				CURRENT_PROJECT_VERSION = 1;
				DEVELOPMENT_TEAM = L58P7YLHXD;
				GENERATE_INFOPLIST_FILE = YES;
				INFOPLIST_FILE = WeatherApp/Info.plist;
				INFOPLIST_KEY_UIApplicationSupportsIndirectInputEvents = YES;
				INFOPLIST_KEY_UILaunchStoryboardName = LaunchScreen.storyboard;
				INFOPLIST_KEY_UIMainStoryboardFile = Main;
				INFOPLIST_KEY_UIRequiredDeviceCapabilities = armv7;
				INFOPLIST_KEY_UISupportedInterfaceOrientations_iPad = "UIInterfaceOrientationPortrait UIInterfaceOrientationPortraitUpsideDown UIInterfaceOrientationLandscapeLeft UIInterfaceOrientationLandscapeRight";
				INFOPLIST_KEY_UISupportedInterfaceOrientations_iPhone = "UIInterfaceOrientationPortrait UIInterfaceOrientationLandscapeLeft UIInterfaceOrientationLandscapeRight";
				IPHONEOS_DEPLOYMENT_TARGET = 11.0;
				LD_RUNPATH_SEARCH_PATHS = (
					"$(inherited)",
					"@executable_path/Frameworks",
				);
				MARKETING_VERSION = 1.0;
				PRODUCT_BUNDLE_IDENTIFIER = com.rmantilla.wheatherApp.WeatherApp;
				PRODUCT_NAME = "$(TARGET_NAME)";
				SWIFT_EMIT_LOC_STRINGS = YES;
				SWIFT_VERSION = 5.0;
				TARGETED_DEVICE_FAMILY = "1,2";
			};
			name = Release;
		};
		C4D481FB2A23B14D00C4029D /* Debug */ = {
			isa = XCBuildConfiguration;
			baseConfigurationReference = 5AFE8F5A8E21FD73C0DBAB4E /* Pods-WeatherAppTests.debug.xcconfig */;
			buildSettings = {
				ALWAYS_EMBED_SWIFT_STANDARD_LIBRARIES = YES;
				BUNDLE_LOADER = "$(TEST_HOST)";
				CODE_SIGN_STYLE = Automatic;
				CURRENT_PROJECT_VERSION = 1;
				DEVELOPMENT_TEAM = L58P7YLHXD;
				GENERATE_INFOPLIST_FILE = YES;
				IPHONEOS_DEPLOYMENT_TARGET = 16.2;
				MARKETING_VERSION = 1.0;
				PRODUCT_BUNDLE_IDENTIFIER = com.rmantilla.wheatherApp.WeatherAppTests;
				PRODUCT_NAME = "$(TARGET_NAME)";
				SWIFT_EMIT_LOC_STRINGS = NO;
				SWIFT_VERSION = 5.0;
				TARGETED_DEVICE_FAMILY = "1,2";
				TEST_HOST = "$(BUILT_PRODUCTS_DIR)/WeatherApp.app/$(BUNDLE_EXECUTABLE_FOLDER_PATH)/WeatherApp";
			};
			name = Debug;
		};
		C4D481FC2A23B14D00C4029D /* Release */ = {
			isa = XCBuildConfiguration;
			baseConfigurationReference = AB4D336EDB04682E4D203B9D /* Pods-WeatherAppTests.release.xcconfig */;
			buildSettings = {
				ALWAYS_EMBED_SWIFT_STANDARD_LIBRARIES = YES;
				BUNDLE_LOADER = "$(TEST_HOST)";
				CODE_SIGN_STYLE = Automatic;
				CURRENT_PROJECT_VERSION = 1;
				DEVELOPMENT_TEAM = L58P7YLHXD;
				GENERATE_INFOPLIST_FILE = YES;
				IPHONEOS_DEPLOYMENT_TARGET = 16.2;
				MARKETING_VERSION = 1.0;
				PRODUCT_BUNDLE_IDENTIFIER = com.rmantilla.wheatherApp.WeatherAppTests;
				PRODUCT_NAME = "$(TARGET_NAME)";
				SWIFT_EMIT_LOC_STRINGS = NO;
				SWIFT_VERSION = 5.0;
				TARGETED_DEVICE_FAMILY = "1,2";
				TEST_HOST = "$(BUILT_PRODUCTS_DIR)/WeatherApp.app/$(BUNDLE_EXECUTABLE_FOLDER_PATH)/WeatherApp";
			};
			name = Release;
		};
		C4D481FE2A23B14D00C4029D /* Debug */ = {
			isa = XCBuildConfiguration;
			baseConfigurationReference = 2E237C2182239D9A73C52C3F /* Pods-WeatherApp-WeatherAppUITests.debug.xcconfig */;
			buildSettings = {
				ALWAYS_EMBED_SWIFT_STANDARD_LIBRARIES = YES;
				CODE_SIGN_STYLE = Automatic;
				CURRENT_PROJECT_VERSION = 1;
				DEVELOPMENT_TEAM = L58P7YLHXD;
				GENERATE_INFOPLIST_FILE = YES;
				MARKETING_VERSION = 1.0;
				PRODUCT_BUNDLE_IDENTIFIER = com.rmantilla.wheatherApp.WeatherAppUITests;
				PRODUCT_NAME = "$(TARGET_NAME)";
				SWIFT_EMIT_LOC_STRINGS = NO;
				SWIFT_VERSION = 5.0;
				TARGETED_DEVICE_FAMILY = "1,2";
				TEST_TARGET_NAME = WeatherApp;
			};
			name = Debug;
		};
		C4D481FF2A23B14D00C4029D /* Release */ = {
			isa = XCBuildConfiguration;
			baseConfigurationReference = CF110C5CD148492CA80B7E84 /* Pods-WeatherApp-WeatherAppUITests.release.xcconfig */;
			buildSettings = {
				ALWAYS_EMBED_SWIFT_STANDARD_LIBRARIES = YES;
				CODE_SIGN_STYLE = Automatic;
				CURRENT_PROJECT_VERSION = 1;
				DEVELOPMENT_TEAM = L58P7YLHXD;
				GENERATE_INFOPLIST_FILE = YES;
				MARKETING_VERSION = 1.0;
				PRODUCT_BUNDLE_IDENTIFIER = com.rmantilla.wheatherApp.WeatherAppUITests;
				PRODUCT_NAME = "$(TARGET_NAME)";
				SWIFT_EMIT_LOC_STRINGS = NO;
				SWIFT_VERSION = 5.0;
				TARGETED_DEVICE_FAMILY = "1,2";
				TEST_TARGET_NAME = WeatherApp;
			};
			name = Release;
		};
/* End XCBuildConfiguration section */

/* Begin XCConfigurationList section */
		C4D481C82A23B14B00C4029D /* Build configuration list for PBXProject "WeatherApp" */ = {
			isa = XCConfigurationList;
			buildConfigurations = (
				C4D481F52A23B14D00C4029D /* Debug */,
				C4D481F62A23B14D00C4029D /* Release */,
			);
			defaultConfigurationIsVisible = 0;
			defaultConfigurationName = Release;
		};
		C4D481F72A23B14D00C4029D /* Build configuration list for PBXNativeTarget "WeatherApp" */ = {
			isa = XCConfigurationList;
			buildConfigurations = (
				C4D481F82A23B14D00C4029D /* Debug */,
				C4D481F92A23B14D00C4029D /* Release */,
			);
			defaultConfigurationIsVisible = 0;
			defaultConfigurationName = Release;
		};
		C4D481FA2A23B14D00C4029D /* Build configuration list for PBXNativeTarget "WeatherAppTests" */ = {
			isa = XCConfigurationList;
			buildConfigurations = (
				C4D481FB2A23B14D00C4029D /* Debug */,
				C4D481FC2A23B14D00C4029D /* Release */,
			);
			defaultConfigurationIsVisible = 0;
			defaultConfigurationName = Release;
		};
		C4D481FD2A23B14D00C4029D /* Build configuration list for PBXNativeTarget "WeatherAppUITests" */ = {
			isa = XCConfigurationList;
			buildConfigurations = (
				C4D481FE2A23B14D00C4029D /* Debug */,
				C4D481FF2A23B14D00C4029D /* Release */,
			);
			defaultConfigurationIsVisible = 0;
			defaultConfigurationName = Release;
		};
/* End XCConfigurationList section */
	};
	rootObject = C4D481C52A23B14B00C4029D /* Project object */;
}
